
Microsoft Visual Studio Solution File, Format Version 12.00
# Visual Studio Version 16
VisualStudioVersion = 16.0.30611.23
MinimumVisualStudioVersion = 10.0.40219.1
Project("{9A19103F-16F7-4668-BE54-9A1E7A4F7556}") = "SidePhotoViewer", "SidePhotoViewer\SidePhotoViewer.csproj", "{90D7E245-2F85-4E41-9193-84B081656C7C}"
EndProject
Project("{9A19103F-16F7-4668-BE54-9A1E7A4F7556}") = "SidePhotoViewer.Core", "SidePhotoViewer.Core\SidePhotoViewer.Core.csproj", "{08501170-9740-44DD-BD61-8990361F3407}"
EndProject
Global
	GlobalSection(SolutionConfigurationPlatforms) = preSolution
		Debug|Any CPU = Debug|Any CPU
		Release|Any CPU = Release|Any CPU
	EndGlobalSection
	GlobalSection(ProjectConfigurationPlatforms) = postSolution
		{90D7E245-2F85-4E41-9193-84B081656C7C}.Debug|Any CPU.ActiveCfg = Debug|Any CPU
		{90D7E245-2F85-4E41-9193-84B081656C7C}.Debug|Any CPU.Build.0 = Debug|Any CPU
		{90D7E245-2F85-4E41-9193-84B081656C7C}.Release|Any CPU.ActiveCfg = Release|Any CPU
		{90D7E245-2F85-4E41-9193-84B081656C7C}.Release|Any CPU.Build.0 = Release|Any CPU
		{08501170-9740-44DD-BD61-8990361F3407}.Debug|Any CPU.ActiveCfg = Debug|Any CPU
		{08501170-9740-44DD-BD61-8990361F3407}.Debug|Any CPU.Build.0 = Debug|Any CPU
		{08501170-9740-44DD-BD61-8990361F3407}.Release|Any CPU.ActiveCfg = Release|Any CPU
		{08501170-9740-44DD-BD61-8990361F3407}.Release|Any CPU.Build.0 = Release|Any CPU
	EndGlobalSection
	GlobalSection(SolutionProperties) = preSolution
		HideSolutionNode = FALSE
	EndGlobalSection
	GlobalSection(ExtensibilityGlobals) = postSolution
		SolutionGuid = {6388CE58-A411-4C9B-A1E5-17CEFFBF708F}
	EndGlobalSection
EndGlobal
